
Microsoft Visual Studio Solution File, Format Version 12.00
# Visual Studio Version 17
VisualStudioVersion = 17.2.32630.192
MinimumVisualStudioVersion = 10.0.40219.1
Project("{FAE04EC0-301F-11D3-BF4B-00C04F79EFBC}") = "BGRecordatorios.Android", "BGRecordatorios\BGRecordatorios.Android\BGRecordatorios.Android.csproj", "{65569A9E-E81B-4198-86FD-9A7992D586F2}"
EndProject
Project("{FAE04EC0-301F-11D3-BF4B-00C04F79EFBC}") = "BGRecordatorios", "BGRecordatorios\BGRecordatorios\BGRecordatorios.csproj", "{7B5A31B7-7331-4331-A9B5-94B50F5E75D9}"
EndProject
Global
	GlobalSection(SolutionConfigurationPlatforms) = preSolution
		Debug|Any CPU = Debug|Any CPU
		Release|Any CPU = Release|Any CPU
	EndGlobalSection
	GlobalSection(ProjectConfigurationPlatforms) = postSolution
		{65569A9E-E81B-4198-86FD-9A7992D586F2}.Debug|Any CPU.ActiveCfg = Debug|Any CPU
		{65569A9E-E81B-4198-86FD-9A7992D586F2}.Debug|Any CPU.Build.0 = Debug|Any CPU
		{65569A9E-E81B-4198-86FD-9A7992D586F2}.Debug|Any CPU.Deploy.0 = Debug|Any CPU
		{65569A9E-E81B-4198-86FD-9A7992D586F2}.Release|Any CPU.ActiveCfg = Release|Any CPU
		{65569A9E-E81B-4198-86FD-9A7992D586F2}.Release|Any CPU.Build.0 = Release|Any CPU
		{65569A9E-E81B-4198-86FD-9A7992D586F2}.Release|Any CPU.Deploy.0 = Release|Any CPU
		{7B5A31B7-7331-4331-A9B5-94B50F5E75D9}.Debug|Any CPU.ActiveCfg = Debug|Any CPU
		{7B5A31B7-7331-4331-A9B5-94B50F5E75D9}.Debug|Any CPU.Build.0 = Debug|Any CPU
		{7B5A31B7-7331-4331-A9B5-94B50F5E75D9}.Debug|Any CPU.Deploy.0 = Debug|Any CPU
		{7B5A31B7-7331-4331-A9B5-94B50F5E75D9}.Release|Any CPU.ActiveCfg = Release|Any CPU
		{7B5A31B7-7331-4331-A9B5-94B50F5E75D9}.Release|Any CPU.Build.0 = Release|Any CPU
		{7B5A31B7-7331-4331-A9B5-94B50F5E75D9}.Release|Any CPU.Deploy.0 = Release|Any CPU
	EndGlobalSection
	GlobalSection(SolutionProperties) = preSolution
		HideSolutionNode = FALSE
	EndGlobalSection
	GlobalSection(ExtensibilityGlobals) = postSolution
		SolutionGuid = {4C382754-614C-4343-8135-6688A49CDEB1}
	EndGlobalSection
EndGlobal
